<?xml version="1.0" encoding="UTF-8"?>
<CodeBlocks_project_file>
	<FileVersion major="1" minor="6"/>
	<Project>
		<Option title="CCCQT"/>
		<Option makefile_is_custom="1"/>
		<Option compiler="gcc"/>
		<Option virtualFolders="CMake Files\;CMake Files\..\;CMake Files\..\..\;CMake Files\..\..\..\;CMake Files\..\..\..\..\;CMake Files\..\..\..\..\..\;CMake Files\..\..\..\..\..\..\;CMake Files\..\..\..\..\..\..\..\;CMake Files\..\..\..\..\..\..\..\usr\;CMake Files\..\..\..\..\..\..\..\usr\lib64\;CMake Files\..\..\..\..\..\..\..\usr\lib64\cmake\;CMake Files\..\..\..\..\..\..\..\usr\lib64\cmake\Qt5Core\;"/>
		<Build>
			<Target title="all">
				<Option working_dir="/home/raideye/Documents/Code/challenges/C++/build-CCCQT-Desktop-Default"/>
				<Option type="4"/>
				<MakeCommands>
					<Build command="/usr/bin/make -j8 -f &quot;/home/raideye/Documents/Code/challenges/C++/build-CCCQT-Desktop-Default/Makefile&quot;  VERBOSE=1 all"/>
					<CompileFile command="/usr/bin/make -j8 -f &quot;/home/raideye/Documents/Code/challenges/C++/build-CCCQT-Desktop-Default/Makefile&quot;  VERBOSE=1 &quot;$file&quot;"/>
					<Clean command="/usr/bin/make -j8 -f &quot;/home/raideye/Documents/Code/challenges/C++/build-CCCQT-Desktop-Default/Makefile&quot;  VERBOSE=1 clean"/>
					<DistClean command="/usr/bin/make -j8 -f &quot;/home/raideye/Documents/Code/challenges/C++/build-CCCQT-Desktop-Default/Makefile&quot;  VERBOSE=1 clean"/>
				</MakeCommands>
			</Target>
			<Target title="rebuild_cache">
				<Option working_dir="/home/raideye/Documents/Code/challenges/C++/build-CCCQT-Desktop-Default"/>
				<Option type="4"/>
				<MakeCommands>
					<Build command="/usr/bin/make -j8 -f &quot;/home/raideye/Documents/Code/challenges/C++/build-CCCQT-Desktop-Default/Makefile&quot;  VERBOSE=1 rebuild_cache"/>
					<CompileFile command="/usr/bin/make -j8 -f &quot;/home/raideye/Documents/Code/challenges/C++/build-CCCQT-Desktop-Default/Makefile&quot;  VERBOSE=1 &quot;$file&quot;"/>
					<Clean command="/usr/bin/make -j8 -f &quot;/home/raideye/Documents/Code/challenges/C++/build-CCCQT-Desktop-Default/Makefile&quot;  VERBOSE=1 clean"/>
					<DistClean command="/usr/bin/make -j8 -f &quot;/home/raideye/Documents/Code/challenges/C++/build-CCCQT-Desktop-Default/Makefile&quot;  VERBOSE=1 clean"/>
				</MakeCommands>
			</Target>
			<Target title="CCCQT">
				<Option output="/home/raideye/Documents/Code/challenges/C++/build-CCCQT-Desktop-Default/CCCQT" prefix_auto="0" extension_auto="0"/>
				<Option working_dir="/home/raideye/Documents/Code/challenges/C++/build-CCCQT-Desktop-Default"/>
				<Option object_output="./"/>
				<Option type="1"/>
				<Option compiler="gcc"/>
				<Compiler>
					<Add option="-DQT_CORE_LIB"/>
					<Add option="-DQT_NO_DEBUG"/>
					<Add directory="/home/raideye/Documents/Code/challenges/C++/build-CCCQT-Desktop-Default"/>
					<Add directory="/home/raideye/Documents/Code/challenges/C++/CCCQT"/>
					<Add directory="/home/raideye/Documents/Code/challenges/C++/build-CCCQT-Desktop-Default/CCCQT_autogen/include"/>
					<Add directory="/usr/include/qt"/>
					<Add directory="/usr/include/qt/QtCore"/>
					<Add directory="/usr/lib/qt/mkspecs/linux-g++"/>
					<Add directory="/usr/lib/gcc/x86_64-pc-linux-gnu/7.2.1/../../../../include/c++/7.2.1"/>
					<Add directory="/usr/lib/gcc/x86_64-pc-linux-gnu/7.2.1/../../../../include/c++/7.2.1/x86_64-pc-linux-gnu"/>
					<Add directory="/usr/lib/gcc/x86_64-pc-linux-gnu/7.2.1/../../../../include/c++/7.2.1/backward"/>
					<Add directory="/usr/lib/gcc/x86_64-pc-linux-gnu/7.2.1/include"/>
					<Add directory="/usr/local/include"/>
					<Add directory="/usr/lib/gcc/x86_64-pc-linux-gnu/7.2.1/include-fixed"/>
					<Add directory="/usr/include"/>
				</Compiler>
				<MakeCommands>
					<Build command="/usr/bin/make -j8 -f &quot;/home/raideye/Documents/Code/challenges/C++/build-CCCQT-Desktop-Default/Makefile&quot;  VERBOSE=1 CCCQT"/>
					<CompileFile command="/usr/bin/make -j8 -f &quot;/home/raideye/Documents/Code/challenges/C++/build-CCCQT-Desktop-Default/Makefile&quot;  VERBOSE=1 &quot;$file&quot;"/>
					<Clean command="/usr/bin/make -j8 -f &quot;/home/raideye/Documents/Code/challenges/C++/build-CCCQT-Desktop-Default/Makefile&quot;  VERBOSE=1 clean"/>
					<DistClean command="/usr/bin/make -j8 -f &quot;/home/raideye/Documents/Code/challenges/C++/build-CCCQT-Desktop-Default/Makefile&quot;  VERBOSE=1 clean"/>
				</MakeCommands>
			</Target>
			<Target title="CCCQT/fast">
				<Option output="/home/raideye/Documents/Code/challenges/C++/build-CCCQT-Desktop-Default/CCCQT" prefix_auto="0" extension_auto="0"/>
				<Option working_dir="/home/raideye/Documents/Code/challenges/C++/build-CCCQT-Desktop-Default"/>
				<Option object_output="./"/>
				<Option type="1"/>
				<Option compiler="gcc"/>
				<Compiler>
					<Add option="-DQT_CORE_LIB"/>
					<Add option="-DQT_NO_DEBUG"/>
					<Add directory="/home/raideye/Documents/Code/challenges/C++/build-CCCQT-Desktop-Default"/>
					<Add directory="/home/raideye/Documents/Code/challenges/C++/CCCQT"/>
					<Add directory="/home/raideye/Documents/Code/challenges/C++/build-CCCQT-Desktop-Default/CCCQT_autogen/include"/>
					<Add directory="/usr/include/qt"/>
					<Add directory="/usr/include/qt/QtCore"/>
					<Add directory="/usr/lib/qt/mkspecs/linux-g++"/>
					<Add directory="/usr/lib/gcc/x86_64-pc-linux-gnu/7.2.1/../../../../include/c++/7.2.1"/>
					<Add directory="/usr/lib/gcc/x86_64-pc-linux-gnu/7.2.1/../../../../include/c++/7.2.1/x86_64-pc-linux-gnu"/>
					<Add directory="/usr/lib/gcc/x86_64-pc-linux-gnu/7.2.1/../../../../include/c++/7.2.1/backward"/>
					<Add directory="/usr/lib/gcc/x86_64-pc-linux-gnu/7.2.1/include"/>
					<Add directory="/usr/local/include"/>
					<Add directory="/usr/lib/gcc/x86_64-pc-linux-gnu/7.2.1/include-fixed"/>
					<Add directory="/usr/include"/>
				</Compiler>
				<MakeCommands>
					<Build command="/usr/bin/make -j8 -f &quot;/home/raideye/Documents/Code/challenges/C++/build-CCCQT-Desktop-Default/Makefile&quot;  VERBOSE=1 CCCQT/fast"/>
					<CompileFile command="/usr/bin/make -j8 -f &quot;/home/raideye/Documents/Code/challenges/C++/build-CCCQT-Desktop-Default/Makefile&quot;  VERBOSE=1 &quot;$file&quot;"/>
					<Clean command="/usr/bin/make -j8 -f &quot;/home/raideye/Documents/Code/challenges/C++/build-CCCQT-Desktop-Default/Makefile&quot;  VERBOSE=1 clean"/>
					<DistClean command="/usr/bin/make -j8 -f &quot;/home/raideye/Documents/Code/challenges/C++/build-CCCQT-Desktop-Default/Makefile&quot;  VERBOSE=1 clean"/>
				</MakeCommands>
			</Target>
			<Target title="edit_cache">
				<Option working_dir="/home/raideye/Documents/Code/challenges/C++/build-CCCQT-Desktop-Default"/>
				<Option type="4"/>
				<MakeCommands>
					<Build command="/usr/bin/make -j8 -f &quot;/home/raideye/Documents/Code/challenges/C++/build-CCCQT-Desktop-Default/Makefile&quot;  VERBOSE=1 edit_cache"/>
					<CompileFile command="/usr/bin/make -j8 -f &quot;/home/raideye/Documents/Code/challenges/C++/build-CCCQT-Desktop-Default/Makefile&quot;  VERBOSE=1 &quot;$file&quot;"/>
					<Clean command="/usr/bin/make -j8 -f &quot;/home/raideye/Documents/Code/challenges/C++/build-CCCQT-Desktop-Default/Makefile&quot;  VERBOSE=1 clean"/>
					<DistClean command="/usr/bin/make -j8 -f &quot;/home/raideye/Documents/Code/challenges/C++/build-CCCQT-Desktop-Default/Makefile&quot;  VERBOSE=1 clean"/>
				</MakeCommands>
			</Target>
			<Target title="CCCQT_autogen">
				<Option working_dir="/home/raideye/Documents/Code/challenges/C++/build-CCCQT-Desktop-Default"/>
				<Option type="4"/>
				<MakeCommands>
					<Build command="/usr/bin/make -j8 -f &quot;/home/raideye/Documents/Code/challenges/C++/build-CCCQT-Desktop-Default/Makefile&quot;  VERBOSE=1 CCCQT_autogen"/>
					<CompileFile command="/usr/bin/make -j8 -f &quot;/home/raideye/Documents/Code/challenges/C++/build-CCCQT-Desktop-Default/Makefile&quot;  VERBOSE=1 &quot;$file&quot;"/>
					<Clean command="/usr/bin/make -j8 -f &quot;/home/raideye/Documents/Code/challenges/C++/build-CCCQT-Desktop-Default/Makefile&quot;  VERBOSE=1 clean"/>
					<DistClean command="/usr/bin/make -j8 -f &quot;/home/raideye/Documents/Code/challenges/C++/build-CCCQT-Desktop-Default/Makefile&quot;  VERBOSE=1 clean"/>
				</MakeCommands>
			</Target>
		</Build>
		<Unit filename="/home/raideye/Documents/Code/challenges/C++/CCCQT/main.cpp">
			<Option target="CCCQT"/>
		</Unit>
		<Unit filename="/home/raideye/Documents/Code/challenges/C++/build-CCCQT-Desktop-Default/CCCQT_autogen/mocs_compilation.cpp">
			<Option target="CCCQT"/>
		</Unit>
		<Unit filename="/home/raideye/Documents/Code/challenges/C++/CCCQT/CMakeLists.txt">
			<Option virtualFolder="CMake Files\"/>
		</Unit>
		<Unit filename="/home/raideye/Documents/Code/challenges/C++/CCCQT/../../../../../../../usr/lib64/cmake/Qt5Core/Qt5CoreConfig.cmake">
			<Option virtualFolder="CMake Files\..\..\..\..\..\..\..\usr\lib64\cmake\Qt5Core\"/>
		</Unit>
		<Unit filename="/home/raideye/Documents/Code/challenges/C++/CCCQT/../../../../../../../usr/lib64/cmake/Qt5Core/Qt5CoreConfigExtras.cmake">
			<Option virtualFolder="CMake Files\..\..\..\..\..\..\..\usr\lib64\cmake\Qt5Core\"/>
		</Unit>
		<Unit filename="/home/raideye/Documents/Code/challenges/C++/CCCQT/../../../../../../../usr/lib64/cmake/Qt5Core/Qt5CoreConfigExtrasMkspecDir.cmake">
			<Option virtualFolder="CMake Files\..\..\..\..\..\..\..\usr\lib64\cmake\Qt5Core\"/>
		</Unit>
		<Unit filename="/home/raideye/Documents/Code/challenges/C++/CCCQT/../../../../../../../usr/lib64/cmake/Qt5Core/Qt5CoreConfigVersion.cmake">
			<Option virtualFolder="CMake Files\..\..\..\..\..\..\..\usr\lib64\cmake\Qt5Core\"/>
		</Unit>
		<Unit filename="/home/raideye/Documents/Code/challenges/C++/CCCQT/../../../../../../../usr/lib64/cmake/Qt5Core/Qt5CoreMacros.cmake">
			<Option virtualFolder="CMake Files\..\..\..\..\..\..\..\usr\lib64\cmake\Qt5Core\"/>
		</Unit>
	</Project>
</CodeBlocks_project_file>
